
Microsoft Visual Studio Solution File, Format Version 12.00
# Visual Studio 14
VisualStudioVersion = 14.0.25420.1
MinimumVisualStudioVersion = 10.0.40219.1
Project("{8BC9CEB8-8B4A-11D0-8D11-00A0C91BC942}") = "nkTest", "nkTest\nkTest.vcxproj", "{DD33DCC5-5BB5-493B-92BD-82887C4B1F35}"
	ProjectSection(ProjectDependencies) = postProject
		{8087523D-51B8-4CC4-8C3B-68DC9F0D9321} = {8087523D-51B8-4CC4-8C3B-68DC9F0D9321}
		{28EF574A-84DB-3CB0-9B45-DB3545B2D05C} = {28EF574A-84DB-3CB0-9B45-DB3545B2D05C}
		{4DCE52A5-106C-3D94-815D-C8EBC6133B5E} = {4DCE52A5-106C-3D94-815D-C8EBC6133B5E}
		{371B9FA9-4C90-4AC6-A123-ACED756D6C77} = {371B9FA9-4C90-4AC6-A123-ACED756D6C77}
		{8ECBBDCD-865E-345B-9496-62B82F2FFEC5} = {8ECBBDCD-865E-345B-9496-62B82F2FFEC5}
		{9BF1ADF3-EB57-35E8-B156-ADE8FFC7E2F0} = {9BF1ADF3-EB57-35E8-B156-ADE8FFC7E2F0}
	EndProjectSection
EndProject
Project("{8BC9CEB8-8B4A-11D0-8D11-00A0C91BC942}") = "nkEngine", "..\nkEngine\nkEngine\nkEngine.vcxproj", "{8087523D-51B8-4CC4-8C3B-68DC9F0D9321}"
EndProject
Project("{8BC9CEB8-8B4A-11D0-8D11-00A0C91BC942}") = "DirectXTex", "..\nkEngine\nkEngine\DirectXTex\DirectXTex_Desktop_2015.vcxproj", "{371B9FA9-4C90-4AC6-A123-ACED756D6C77}"
EndProject
Project("{8BC9CEB8-8B4A-11D0-8D11-00A0C91BC942}") = "LinearMath", "..\nkEngine\nkEngine\BulletPhysics\src\LinearMath\LinearMath.vcxproj", "{4DCE52A5-106C-3D94-815D-C8EBC6133B5E}"
EndProject
Project("{8BC9CEB8-8B4A-11D0-8D11-00A0C91BC942}") = "BulletSoftBody", "..\nkEngine\nkEngine\BulletPhysics\src\BulletSoftBody\BulletSoftBody.vcxproj", "{8ECBBDCD-865E-345B-9496-62B82F2FFEC5}"
EndProject
Project("{8BC9CEB8-8B4A-11D0-8D11-00A0C91BC942}") = "BulletCollision", "..\nkEngine\nkEngine\BulletPhysics\src\BulletCollision\BulletCollision.vcxproj", "{28EF574A-84DB-3CB0-9B45-DB3545B2D05C}"
EndProject
Project("{8BC9CEB8-8B4A-11D0-8D11-00A0C91BC942}") = "BulletDynamics", "..\nkEngine\nkEngine\BulletPhysics\src\BulletDynamics\BulletDynamics.vcxproj", "{9BF1ADF3-EB57-35E8-B156-ADE8FFC7E2F0}"
EndProject
Global
	GlobalSection(SolutionConfigurationPlatforms) = preSolution
		Debug|x64 = Debug|x64
		Debug|x86 = Debug|x86
		MinSizeRel|x64 = MinSizeRel|x64
		MinSizeRel|x86 = MinSizeRel|x86
		Profile|x64 = Profile|x64
		Profile|x86 = Profile|x86
		Release|x64 = Release|x64
		Release|x86 = Release|x86
		RelWithDebInfo|x64 = RelWithDebInfo|x64
		RelWithDebInfo|x86 = RelWithDebInfo|x86
	EndGlobalSection
	GlobalSection(ProjectConfigurationPlatforms) = postSolution
		{DD33DCC5-5BB5-493B-92BD-82887C4B1F35}.Debug|x64.ActiveCfg = Debug|x64
		{DD33DCC5-5BB5-493B-92BD-82887C4B1F35}.Debug|x64.Build.0 = Debug|x64
		{DD33DCC5-5BB5-493B-92BD-82887C4B1F35}.Debug|x86.ActiveCfg = Debug|Win32
		{DD33DCC5-5BB5-493B-92BD-82887C4B1F35}.Debug|x86.Build.0 = Debug|Win32
		{DD33DCC5-5BB5-493B-92BD-82887C4B1F35}.MinSizeRel|x64.ActiveCfg = Release|x64
		{DD33DCC5-5BB5-493B-92BD-82887C4B1F35}.MinSizeRel|x64.Build.0 = Release|x64
		{DD33DCC5-5BB5-493B-92BD-82887C4B1F35}.MinSizeRel|x86.ActiveCfg = Release|Win32
		{DD33DCC5-5BB5-493B-92BD-82887C4B1F35}.MinSizeRel|x86.Build.0 = Release|Win32
		{DD33DCC5-5BB5-493B-92BD-82887C4B1F35}.Profile|x64.ActiveCfg = Release|x64
		{DD33DCC5-5BB5-493B-92BD-82887C4B1F35}.Profile|x64.Build.0 = Release|x64
		{DD33DCC5-5BB5-493B-92BD-82887C4B1F35}.Profile|x86.ActiveCfg = Release|Win32
		{DD33DCC5-5BB5-493B-92BD-82887C4B1F35}.Profile|x86.Build.0 = Release|Win32
		{DD33DCC5-5BB5-493B-92BD-82887C4B1F35}.Release|x64.ActiveCfg = Release|x64
		{DD33DCC5-5BB5-493B-92BD-82887C4B1F35}.Release|x64.Build.0 = Release|x64
		{DD33DCC5-5BB5-493B-92BD-82887C4B1F35}.Release|x86.ActiveCfg = Release|Win32
		{DD33DCC5-5BB5-493B-92BD-82887C4B1F35}.Release|x86.Build.0 = Release|Win32
		{DD33DCC5-5BB5-493B-92BD-82887C4B1F35}.RelWithDebInfo|x64.ActiveCfg = Release|x64
		{DD33DCC5-5BB5-493B-92BD-82887C4B1F35}.RelWithDebInfo|x64.Build.0 = Release|x64
		{DD33DCC5-5BB5-493B-92BD-82887C4B1F35}.RelWithDebInfo|x86.ActiveCfg = Release|Win32
		{DD33DCC5-5BB5-493B-92BD-82887C4B1F35}.RelWithDebInfo|x86.Build.0 = Release|Win32
		{8087523D-51B8-4CC4-8C3B-68DC9F0D9321}.Debug|x64.ActiveCfg = Debug|x64
		{8087523D-51B8-4CC4-8C3B-68DC9F0D9321}.Debug|x64.Build.0 = Debug|x64
		{8087523D-51B8-4CC4-8C3B-68DC9F0D9321}.Debug|x86.ActiveCfg = Debug|Win32
		{8087523D-51B8-4CC4-8C3B-68DC9F0D9321}.Debug|x86.Build.0 = Debug|Win32
		{8087523D-51B8-4CC4-8C3B-68DC9F0D9321}.MinSizeRel|x64.ActiveCfg = Release|x64
		{8087523D-51B8-4CC4-8C3B-68DC9F0D9321}.MinSizeRel|x64.Build.0 = Release|x64
		{8087523D-51B8-4CC4-8C3B-68DC9F0D9321}.MinSizeRel|x86.ActiveCfg = Release|Win32
		{8087523D-51B8-4CC4-8C3B-68DC9F0D9321}.MinSizeRel|x86.Build.0 = Release|Win32
		{8087523D-51B8-4CC4-8C3B-68DC9F0D9321}.Profile|x64.ActiveCfg = Release|x64
		{8087523D-51B8-4CC4-8C3B-68DC9F0D9321}.Profile|x64.Build.0 = Release|x64
		{8087523D-51B8-4CC4-8C3B-68DC9F0D9321}.Profile|x86.ActiveCfg = Release|Win32
		{8087523D-51B8-4CC4-8C3B-68DC9F0D9321}.Profile|x86.Build.0 = Release|Win32
		{8087523D-51B8-4CC4-8C3B-68DC9F0D9321}.Release|x64.ActiveCfg = Release|x64
		{8087523D-51B8-4CC4-8C3B-68DC9F0D9321}.Release|x64.Build.0 = Release|x64
		{8087523D-51B8-4CC4-8C3B-68DC9F0D9321}.Release|x86.ActiveCfg = Release|Win32
		{8087523D-51B8-4CC4-8C3B-68DC9F0D9321}.Release|x86.Build.0 = Release|Win32
		{8087523D-51B8-4CC4-8C3B-68DC9F0D9321}.RelWithDebInfo|x64.ActiveCfg = Release|x64
		{8087523D-51B8-4CC4-8C3B-68DC9F0D9321}.RelWithDebInfo|x64.Build.0 = Release|x64
		{8087523D-51B8-4CC4-8C3B-68DC9F0D9321}.RelWithDebInfo|x86.ActiveCfg = Release|Win32
		{8087523D-51B8-4CC4-8C3B-68DC9F0D9321}.RelWithDebInfo|x86.Build.0 = Release|Win32
		{371B9FA9-4C90-4AC6-A123-ACED756D6C77}.Debug|x64.ActiveCfg = Debug|x64
		{371B9FA9-4C90-4AC6-A123-ACED756D6C77}.Debug|x64.Build.0 = Debug|x64
		{371B9FA9-4C90-4AC6-A123-ACED756D6C77}.Debug|x86.ActiveCfg = Debug|Win32
		{371B9FA9-4C90-4AC6-A123-ACED756D6C77}.Debug|x86.Build.0 = Debug|Win32
		{371B9FA9-4C90-4AC6-A123-ACED756D6C77}.MinSizeRel|x64.ActiveCfg = Release|x64
		{371B9FA9-4C90-4AC6-A123-ACED756D6C77}.MinSizeRel|x64.Build.0 = Release|x64
		{371B9FA9-4C90-4AC6-A123-ACED756D6C77}.MinSizeRel|x86.ActiveCfg = Release|Win32
		{371B9FA9-4C90-4AC6-A123-ACED756D6C77}.MinSizeRel|x86.Build.0 = Release|Win32
		{371B9FA9-4C90-4AC6-A123-ACED756D6C77}.Profile|x64.ActiveCfg = Profile|x64
		{371B9FA9-4C90-4AC6-A123-ACED756D6C77}.Profile|x64.Build.0 = Profile|x64
		{371B9FA9-4C90-4AC6-A123-ACED756D6C77}.Profile|x86.ActiveCfg = Profile|Win32
		{371B9FA9-4C90-4AC6-A123-ACED756D6C77}.Profile|x86.Build.0 = Profile|Win32
		{371B9FA9-4C90-4AC6-A123-ACED756D6C77}.Release|x64.ActiveCfg = Release|x64
		{371B9FA9-4C90-4AC6-A123-ACED756D6C77}.Release|x64.Build.0 = Release|x64
		{371B9FA9-4C90-4AC6-A123-ACED756D6C77}.Release|x86.ActiveCfg = Release|Win32
		{371B9FA9-4C90-4AC6-A123-ACED756D6C77}.Release|x86.Build.0 = Release|Win32
		{371B9FA9-4C90-4AC6-A123-ACED756D6C77}.RelWithDebInfo|x64.ActiveCfg = Release|x64
		{371B9FA9-4C90-4AC6-A123-ACED756D6C77}.RelWithDebInfo|x64.Build.0 = Release|x64
		{371B9FA9-4C90-4AC6-A123-ACED756D6C77}.RelWithDebInfo|x86.ActiveCfg = Release|Win32
		{371B9FA9-4C90-4AC6-A123-ACED756D6C77}.RelWithDebInfo|x86.Build.0 = Release|Win32
		{4DCE52A5-106C-3D94-815D-C8EBC6133B5E}.Debug|x64.ActiveCfg = Debug|x64
		{4DCE52A5-106C-3D94-815D-C8EBC6133B5E}.Debug|x64.Build.0 = Debug|x64
		{4DCE52A5-106C-3D94-815D-C8EBC6133B5E}.Debug|x86.ActiveCfg = Debug|Win32
		{4DCE52A5-106C-3D94-815D-C8EBC6133B5E}.Debug|x86.Build.0 = Debug|Win32
		{4DCE52A5-106C-3D94-815D-C8EBC6133B5E}.MinSizeRel|x64.ActiveCfg = MinSizeRel|x64
		{4DCE52A5-106C-3D94-815D-C8EBC6133B5E}.MinSizeRel|x64.Build.0 = MinSizeRel|x64
		{4DCE52A5-106C-3D94-815D-C8EBC6133B5E}.MinSizeRel|x86.ActiveCfg = MinSizeRel|Win32
		{4DCE52A5-106C-3D94-815D-C8EBC6133B5E}.MinSizeRel|x86.Build.0 = MinSizeRel|Win32
		{4DCE52A5-106C-3D94-815D-C8EBC6133B5E}.Profile|x64.ActiveCfg = MinSizeRel|x64
		{4DCE52A5-106C-3D94-815D-C8EBC6133B5E}.Profile|x64.Build.0 = MinSizeRel|x64
		{4DCE52A5-106C-3D94-815D-C8EBC6133B5E}.Profile|x86.ActiveCfg = Release|Win32
		{4DCE52A5-106C-3D94-815D-C8EBC6133B5E}.Profile|x86.Build.0 = Release|Win32
		{4DCE52A5-106C-3D94-815D-C8EBC6133B5E}.Release|x64.ActiveCfg = Release|x64
		{4DCE52A5-106C-3D94-815D-C8EBC6133B5E}.Release|x64.Build.0 = Release|x64
		{4DCE52A5-106C-3D94-815D-C8EBC6133B5E}.Release|x86.ActiveCfg = Release|Win32
		{4DCE52A5-106C-3D94-815D-C8EBC6133B5E}.Release|x86.Build.0 = Release|Win32
		{4DCE52A5-106C-3D94-815D-C8EBC6133B5E}.RelWithDebInfo|x64.ActiveCfg = RelWithDebInfo|x64
		{4DCE52A5-106C-3D94-815D-C8EBC6133B5E}.RelWithDebInfo|x64.Build.0 = RelWithDebInfo|x64
		{4DCE52A5-106C-3D94-815D-C8EBC6133B5E}.RelWithDebInfo|x86.ActiveCfg = RelWithDebInfo|Win32
		{4DCE52A5-106C-3D94-815D-C8EBC6133B5E}.RelWithDebInfo|x86.Build.0 = RelWithDebInfo|Win32
		{8ECBBDCD-865E-345B-9496-62B82F2FFEC5}.Debug|x64.ActiveCfg = Debug|x64
		{8ECBBDCD-865E-345B-9496-62B82F2FFEC5}.Debug|x64.Build.0 = Debug|x64
		{8ECBBDCD-865E-345B-9496-62B82F2FFEC5}.Debug|x86.ActiveCfg = Debug|Win32
		{8ECBBDCD-865E-345B-9496-62B82F2FFEC5}.Debug|x86.Build.0 = Debug|Win32
		{8ECBBDCD-865E-345B-9496-62B82F2FFEC5}.MinSizeRel|x64.ActiveCfg = MinSizeRel|x64
		{8ECBBDCD-865E-345B-9496-62B82F2FFEC5}.MinSizeRel|x64.Build.0 = MinSizeRel|x64
		{8ECBBDCD-865E-345B-9496-62B82F2FFEC5}.MinSizeRel|x86.ActiveCfg = MinSizeRel|Win32
		{8ECBBDCD-865E-345B-9496-62B82F2FFEC5}.MinSizeRel|x86.Build.0 = MinSizeRel|Win32
		{8ECBBDCD-865E-345B-9496-62B82F2FFEC5}.Profile|x64.ActiveCfg = MinSizeRel|x64
		{8ECBBDCD-865E-345B-9496-62B82F2FFEC5}.Profile|x64.Build.0 = MinSizeRel|x64
		{8ECBBDCD-865E-345B-9496-62B82F2FFEC5}.Profile|x86.ActiveCfg = Release|Win32
		{8ECBBDCD-865E-345B-9496-62B82F2FFEC5}.Profile|x86.Build.0 = Release|Win32
		{8ECBBDCD-865E-345B-9496-62B82F2FFEC5}.Release|x64.ActiveCfg = Release|x64
		{8ECBBDCD-865E-345B-9496-62B82F2FFEC5}.Release|x64.Build.0 = Release|x64
		{8ECBBDCD-865E-345B-9496-62B82F2FFEC5}.Release|x86.ActiveCfg = Release|Win32
		{8ECBBDCD-865E-345B-9496-62B82F2FFEC5}.Release|x86.Build.0 = Release|Win32
		{8ECBBDCD-865E-345B-9496-62B82F2FFEC5}.RelWithDebInfo|x64.ActiveCfg = RelWithDebInfo|x64
		{8ECBBDCD-865E-345B-9496-62B82F2FFEC5}.RelWithDebInfo|x64.Build.0 = RelWithDebInfo|x64
		{8ECBBDCD-865E-345B-9496-62B82F2FFEC5}.RelWithDebInfo|x86.ActiveCfg = RelWithDebInfo|Win32
		{8ECBBDCD-865E-345B-9496-62B82F2FFEC5}.RelWithDebInfo|x86.Build.0 = RelWithDebInfo|Win32
		{28EF574A-84DB-3CB0-9B45-DB3545B2D05C}.Debug|x64.ActiveCfg = Debug|x64
		{28EF574A-84DB-3CB0-9B45-DB3545B2D05C}.Debug|x64.Build.0 = Debug|x64
		{28EF574A-84DB-3CB0-9B45-DB3545B2D05C}.Debug|x86.ActiveCfg = Debug|Win32
		{28EF574A-84DB-3CB0-9B45-DB3545B2D05C}.Debug|x86.Build.0 = Debug|Win32
		{28EF574A-84DB-3CB0-9B45-DB3545B2D05C}.MinSizeRel|x64.ActiveCfg = MinSizeRel|x64
		{28EF574A-84DB-3CB0-9B45-DB3545B2D05C}.MinSizeRel|x64.Build.0 = MinSizeRel|x64
		{28EF574A-84DB-3CB0-9B45-DB3545B2D05C}.MinSizeRel|x86.ActiveCfg = MinSizeRel|Win32
		{28EF574A-84DB-3CB0-9B45-DB3545B2D05C}.MinSizeRel|x86.Build.0 = MinSizeRel|Win32
		{28EF574A-84DB-3CB0-9B45-DB3545B2D05C}.Profile|x64.ActiveCfg = MinSizeRel|x64
		{28EF574A-84DB-3CB0-9B45-DB3545B2D05C}.Profile|x64.Build.0 = MinSizeRel|x64
		{28EF574A-84DB-3CB0-9B45-DB3545B2D05C}.Profile|x86.ActiveCfg = Release|Win32
		{28EF574A-84DB-3CB0-9B45-DB3545B2D05C}.Profile|x86.Build.0 = Release|Win32
		{28EF574A-84DB-3CB0-9B45-DB3545B2D05C}.Release|x64.ActiveCfg = Release|x64
		{28EF574A-84DB-3CB0-9B45-DB3545B2D05C}.Release|x64.Build.0 = Release|x64
		{28EF574A-84DB-3CB0-9B45-DB3545B2D05C}.Release|x86.ActiveCfg = Release|Win32
		{28EF574A-84DB-3CB0-9B45-DB3545B2D05C}.Release|x86.Build.0 = Release|Win32
		{28EF574A-84DB-3CB0-9B45-DB3545B2D05C}.RelWithDebInfo|x64.ActiveCfg = RelWithDebInfo|x64
		{28EF574A-84DB-3CB0-9B45-DB3545B2D05C}.RelWithDebInfo|x64.Build.0 = RelWithDebInfo|x64
		{28EF574A-84DB-3CB0-9B45-DB3545B2D05C}.RelWithDebInfo|x86.ActiveCfg = RelWithDebInfo|Win32
		{28EF574A-84DB-3CB0-9B45-DB3545B2D05C}.RelWithDebInfo|x86.Build.0 = RelWithDebInfo|Win32
		{9BF1ADF3-EB57-35E8-B156-ADE8FFC7E2F0}.Debug|x64.ActiveCfg = Debug|x64
		{9BF1ADF3-EB57-35E8-B156-ADE8FFC7E2F0}.Debug|x64.Build.0 = Debug|x64
		{9BF1ADF3-EB57-35E8-B156-ADE8FFC7E2F0}.Debug|x86.ActiveCfg = Debug|Win32
		{9BF1ADF3-EB57-35E8-B156-ADE8FFC7E2F0}.Debug|x86.Build.0 = Debug|Win32
		{9BF1ADF3-EB57-35E8-B156-ADE8FFC7E2F0}.MinSizeRel|x64.ActiveCfg = MinSizeRel|x64
		{9BF1ADF3-EB57-35E8-B156-ADE8FFC7E2F0}.MinSizeRel|x64.Build.0 = MinSizeRel|x64
		{9BF1ADF3-EB57-35E8-B156-ADE8FFC7E2F0}.MinSizeRel|x86.ActiveCfg = MinSizeRel|Win32
		{9BF1ADF3-EB57-35E8-B156-ADE8FFC7E2F0}.MinSizeRel|x86.Build.0 = MinSizeRel|Win32
		{9BF1ADF3-EB57-35E8-B156-ADE8FFC7E2F0}.Profile|x64.ActiveCfg = MinSizeRel|x64
		{9BF1ADF3-EB57-35E8-B156-ADE8FFC7E2F0}.Profile|x64.Build.0 = MinSizeRel|x64
		{9BF1ADF3-EB57-35E8-B156-ADE8FFC7E2F0}.Profile|x86.ActiveCfg = Release|Win32
		{9BF1ADF3-EB57-35E8-B156-ADE8FFC7E2F0}.Profile|x86.Build.0 = Release|Win32
		{9BF1ADF3-EB57-35E8-B156-ADE8FFC7E2F0}.Release|x64.ActiveCfg = Release|x64
		{9BF1ADF3-EB57-35E8-B156-ADE8FFC7E2F0}.Release|x64.Build.0 = Release|x64
		{9BF1ADF3-EB57-35E8-B156-ADE8FFC7E2F0}.Release|x86.ActiveCfg = Release|Win32
		{9BF1ADF3-EB57-35E8-B156-ADE8FFC7E2F0}.Release|x86.Build.0 = Release|Win32
		{9BF1ADF3-EB57-35E8-B156-ADE8FFC7E2F0}.RelWithDebInfo|x64.ActiveCfg = RelWithDebInfo|x64
		{9BF1ADF3-EB57-35E8-B156-ADE8FFC7E2F0}.RelWithDebInfo|x64.Build.0 = RelWithDebInfo|x64
		{9BF1ADF3-EB57-35E8-B156-ADE8FFC7E2F0}.RelWithDebInfo|x86.ActiveCfg = RelWithDebInfo|Win32
		{9BF1ADF3-EB57-35E8-B156-ADE8FFC7E2F0}.RelWithDebInfo|x86.Build.0 = RelWithDebInfo|Win32
	EndGlobalSection
	GlobalSection(SolutionProperties) = preSolution
		HideSolutionNode = FALSE
	EndGlobalSection
EndGlobal
